
Microsoft Visual Studio Solution File, Format Version 12.00
# Visual Studio Version 16
VisualStudioVersion = 16.0.31702.278
MinimumVisualStudioVersion = 10.0.40219.1
Project("{FAE04EC0-301F-11D3-BF4B-00C04F79EFBC}") = "CustomException", "CustomException\CustomException.csproj", "{61A3790A-3A71-433D-B0A3-F69313602AB9}"
EndProject
Global
	GlobalSection(SolutionConfigurationPlatforms) = preSolution
		Debug|Any CPU = Debug|Any CPU
		Release|Any CPU = Release|Any CPU
	EndGlobalSection
	GlobalSection(ProjectConfigurationPlatforms) = postSolution
		{61A3790A-3A71-433D-B0A3-F69313602AB9}.Debug|Any CPU.ActiveCfg = Debug|Any CPU
		{61A3790A-3A71-433D-B0A3-F69313602AB9}.Debug|Any CPU.Build.0 = Debug|Any CPU
		{61A3790A-3A71-433D-B0A3-F69313602AB9}.Release|Any CPU.ActiveCfg = Release|Any CPU
		{61A3790A-3A71-433D-B0A3-F69313602AB9}.Release|Any CPU.Build.0 = Release|Any CPU
	EndGlobalSection
	GlobalSection(SolutionProperties) = preSolution
		HideSolutionNode = FALSE
	EndGlobalSection
	GlobalSection(ExtensibilityGlobals) = postSolution
		SolutionGuid = {FE2FB116-91BD-4866-8FB1-51A6E8B3BB87}
	EndGlobalSection
EndGlobal
