
Microsoft Visual Studio Solution File, Format Version 12.00
# Visual Studio Version 16
VisualStudioVersion = 16.0.31702.278
MinimumVisualStudioVersion = 10.0.40219.1
Project("{FAE04EC0-301F-11D3-BF4B-00C04F79EFBC}") = "ProductApp", "ProductApp\ProductApp.csproj", "{2E6365FD-3E5B-4F20-B078-4F541B3B6F7E}"
EndProject
Global
	GlobalSection(SolutionConfigurationPlatforms) = preSolution
		Debug|Any CPU = Debug|Any CPU
		Release|Any CPU = Release|Any CPU
	EndGlobalSection
	GlobalSection(ProjectConfigurationPlatforms) = postSolution
		{2E6365FD-3E5B-4F20-B078-4F541B3B6F7E}.Debug|Any CPU.ActiveCfg = Debug|Any CPU
		{2E6365FD-3E5B-4F20-B078-4F541B3B6F7E}.Debug|Any CPU.Build.0 = Debug|Any CPU
		{2E6365FD-3E5B-4F20-B078-4F541B3B6F7E}.Release|Any CPU.ActiveCfg = Release|Any CPU
		{2E6365FD-3E5B-4F20-B078-4F541B3B6F7E}.Release|Any CPU.Build.0 = Release|Any CPU
	EndGlobalSection
	GlobalSection(SolutionProperties) = preSolution
		HideSolutionNode = FALSE
	EndGlobalSection
	GlobalSection(ExtensibilityGlobals) = postSolution
		SolutionGuid = {194D4345-E827-4FD6-8A80-B8E6ED3E94AD}
	EndGlobalSection
EndGlobal
