
Microsoft Visual Studio Solution File, Format Version 12.00
# Visual Studio Version 16
VisualStudioVersion = 16.0.31702.278
MinimumVisualStudioVersion = 10.0.40219.1
Project("{FAE04EC0-301F-11D3-BF4B-00C04F79EFBC}") = "ISPViolationApp", "ISPViolationApp\ISPViolationApp.csproj", "{B4B18A73-E411-4AB8-A721-6297F8A07095}"
EndProject
Project("{FAE04EC0-301F-11D3-BF4B-00C04F79EFBC}") = "ISPSolutionApp", "ISPSolutionApp\ISPSolutionApp.csproj", "{C265FF29-D838-4BC5-BB6E-246281554B88}"
EndProject
Global
	GlobalSection(SolutionConfigurationPlatforms) = preSolution
		Debug|Any CPU = Debug|Any CPU
		Release|Any CPU = Release|Any CPU
	EndGlobalSection
	GlobalSection(ProjectConfigurationPlatforms) = postSolution
		{B4B18A73-E411-4AB8-A721-6297F8A07095}.Debug|Any CPU.ActiveCfg = Debug|Any CPU
		{B4B18A73-E411-4AB8-A721-6297F8A07095}.Debug|Any CPU.Build.0 = Debug|Any CPU
		{B4B18A73-E411-4AB8-A721-6297F8A07095}.Release|Any CPU.ActiveCfg = Release|Any CPU
		{B4B18A73-E411-4AB8-A721-6297F8A07095}.Release|Any CPU.Build.0 = Release|Any CPU
		{C265FF29-D838-4BC5-BB6E-246281554B88}.Debug|Any CPU.ActiveCfg = Debug|Any CPU
		{C265FF29-D838-4BC5-BB6E-246281554B88}.Debug|Any CPU.Build.0 = Debug|Any CPU
		{C265FF29-D838-4BC5-BB6E-246281554B88}.Release|Any CPU.ActiveCfg = Release|Any CPU
		{C265FF29-D838-4BC5-BB6E-246281554B88}.Release|Any CPU.Build.0 = Release|Any CPU
	EndGlobalSection
	GlobalSection(SolutionProperties) = preSolution
		HideSolutionNode = FALSE
	EndGlobalSection
	GlobalSection(ExtensibilityGlobals) = postSolution
		SolutionGuid = {21504DE8-6E40-4B0F-B9A8-3CCB6CDCB9AC}
	EndGlobalSection
EndGlobal
