
Microsoft Visual Studio Solution File, Format Version 12.00
# Visual Studio Version 16
VisualStudioVersion = 16.0.31702.278
MinimumVisualStudioVersion = 10.0.40219.1
Project("{FAE04EC0-301F-11D3-BF4B-00C04F79EFBC}") = "InheritanceConstructorApp2", "InheritanceConstructorApp2\InheritanceConstructorApp2.csproj", "{B35E3322-CB5D-4D0C-A939-9D6AEB7B3BFE}"
EndProject
Global
	GlobalSection(SolutionConfigurationPlatforms) = preSolution
		Debug|Any CPU = Debug|Any CPU
		Release|Any CPU = Release|Any CPU
	EndGlobalSection
	GlobalSection(ProjectConfigurationPlatforms) = postSolution
		{B35E3322-CB5D-4D0C-A939-9D6AEB7B3BFE}.Debug|Any CPU.ActiveCfg = Debug|Any CPU
		{B35E3322-CB5D-4D0C-A939-9D6AEB7B3BFE}.Debug|Any CPU.Build.0 = Debug|Any CPU
		{B35E3322-CB5D-4D0C-A939-9D6AEB7B3BFE}.Release|Any CPU.ActiveCfg = Release|Any CPU
		{B35E3322-CB5D-4D0C-A939-9D6AEB7B3BFE}.Release|Any CPU.Build.0 = Release|Any CPU
	EndGlobalSection
	GlobalSection(SolutionProperties) = preSolution
		HideSolutionNode = FALSE
	EndGlobalSection
	GlobalSection(ExtensibilityGlobals) = postSolution
		SolutionGuid = {8AB4EF71-D914-4516-A6A1-D9C8A77D3886}
	EndGlobalSection
EndGlobal
