
Microsoft Visual Studio Solution File, Format Version 12.00
# Visual Studio Version 16
VisualStudioVersion = 16.0.31702.278
MinimumVisualStudioVersion = 10.0.40219.1
Project("{FAE04EC0-301F-11D3-BF4B-00C04F79EFBC}") = "HumanEnumApp", "HumanEnumApp\HumanEnumApp.csproj", "{D7BD07A5-5057-49F4-924F-A41826F046B4}"
EndProject
Global
	GlobalSection(SolutionConfigurationPlatforms) = preSolution
		Debug|Any CPU = Debug|Any CPU
		Release|Any CPU = Release|Any CPU
	EndGlobalSection
	GlobalSection(ProjectConfigurationPlatforms) = postSolution
		{D7BD07A5-5057-49F4-924F-A41826F046B4}.Debug|Any CPU.ActiveCfg = Debug|Any CPU
		{D7BD07A5-5057-49F4-924F-A41826F046B4}.Debug|Any CPU.Build.0 = Debug|Any CPU
		{D7BD07A5-5057-49F4-924F-A41826F046B4}.Release|Any CPU.ActiveCfg = Release|Any CPU
		{D7BD07A5-5057-49F4-924F-A41826F046B4}.Release|Any CPU.Build.0 = Release|Any CPU
	EndGlobalSection
	GlobalSection(SolutionProperties) = preSolution
		HideSolutionNode = FALSE
	EndGlobalSection
	GlobalSection(ExtensibilityGlobals) = postSolution
		SolutionGuid = {E004C72D-1A72-458A-9D81-C13D754CEAA5}
	EndGlobalSection
EndGlobal
