
Microsoft Visual Studio Solution File, Format Version 12.00
# Visual Studio Version 16
VisualStudioVersion = 16.0.31702.278
MinimumVisualStudioVersion = 10.0.40219.1
Project("{FAE04EC0-301F-11D3-BF4B-00C04F79EFBC}") = "CollectionApp", "CollectionApp\CollectionApp.csproj", "{F7266495-FB91-4CCF-B694-B65E32FCCD2B}"
EndProject
Global
	GlobalSection(SolutionConfigurationPlatforms) = preSolution
		Debug|Any CPU = Debug|Any CPU
		Release|Any CPU = Release|Any CPU
	EndGlobalSection
	GlobalSection(ProjectConfigurationPlatforms) = postSolution
		{F7266495-FB91-4CCF-B694-B65E32FCCD2B}.Debug|Any CPU.ActiveCfg = Debug|Any CPU
		{F7266495-FB91-4CCF-B694-B65E32FCCD2B}.Debug|Any CPU.Build.0 = Debug|Any CPU
		{F7266495-FB91-4CCF-B694-B65E32FCCD2B}.Release|Any CPU.ActiveCfg = Release|Any CPU
		{F7266495-FB91-4CCF-B694-B65E32FCCD2B}.Release|Any CPU.Build.0 = Release|Any CPU
	EndGlobalSection
	GlobalSection(SolutionProperties) = preSolution
		HideSolutionNode = FALSE
	EndGlobalSection
	GlobalSection(ExtensibilityGlobals) = postSolution
		SolutionGuid = {FA6340D4-406B-43E4-A013-9E81C5BE85ED}
	EndGlobalSection
EndGlobal
