
Microsoft Visual Studio Solution File, Format Version 12.00
# Visual Studio Version 16
VisualStudioVersion = 16.0.31702.278
MinimumVisualStudioVersion = 10.0.40219.1
Project("{FAE04EC0-301F-11D3-BF4B-00C04F79EFBC}") = "DeserialisationApp", "DeserialisationApp\DeserialisationApp.csproj", "{07014B61-CF55-45E3-92CD-C33E43853C34}"
EndProject
Global
	GlobalSection(SolutionConfigurationPlatforms) = preSolution
		Debug|Any CPU = Debug|Any CPU
		Release|Any CPU = Release|Any CPU
	EndGlobalSection
	GlobalSection(ProjectConfigurationPlatforms) = postSolution
		{07014B61-CF55-45E3-92CD-C33E43853C34}.Debug|Any CPU.ActiveCfg = Debug|Any CPU
		{07014B61-CF55-45E3-92CD-C33E43853C34}.Debug|Any CPU.Build.0 = Debug|Any CPU
		{07014B61-CF55-45E3-92CD-C33E43853C34}.Release|Any CPU.ActiveCfg = Release|Any CPU
		{07014B61-CF55-45E3-92CD-C33E43853C34}.Release|Any CPU.Build.0 = Release|Any CPU
	EndGlobalSection
	GlobalSection(SolutionProperties) = preSolution
		HideSolutionNode = FALSE
	EndGlobalSection
	GlobalSection(ExtensibilityGlobals) = postSolution
		SolutionGuid = {B2828889-E07D-4F3A-A53E-361CE41AEC71}
	EndGlobalSection
EndGlobal
