
Microsoft Visual Studio Solution File, Format Version 12.00
# Visual Studio Version 16
VisualStudioVersion = 16.0.31702.278
MinimumVisualStudioVersion = 10.0.40219.1
Project("{FAE04EC0-301F-11D3-BF4B-00C04F79EFBC}") = "AurionProMathCalculator", "AurionProMathCalculator\AurionProMathCalculator.csproj", "{397E1098-2C1B-4BCF-88B5-8F903D77D6C2}"
EndProject
Global
	GlobalSection(SolutionConfigurationPlatforms) = preSolution
		Debug|Any CPU = Debug|Any CPU
		Release|Any CPU = Release|Any CPU
	EndGlobalSection
	GlobalSection(ProjectConfigurationPlatforms) = postSolution
		{397E1098-2C1B-4BCF-88B5-8F903D77D6C2}.Debug|Any CPU.ActiveCfg = Debug|Any CPU
		{397E1098-2C1B-4BCF-88B5-8F903D77D6C2}.Debug|Any CPU.Build.0 = Debug|Any CPU
		{397E1098-2C1B-4BCF-88B5-8F903D77D6C2}.Release|Any CPU.ActiveCfg = Release|Any CPU
		{397E1098-2C1B-4BCF-88B5-8F903D77D6C2}.Release|Any CPU.Build.0 = Release|Any CPU
	EndGlobalSection
	GlobalSection(SolutionProperties) = preSolution
		HideSolutionNode = FALSE
	EndGlobalSection
	GlobalSection(ExtensibilityGlobals) = postSolution
		SolutionGuid = {E587BFEC-5513-4267-A0BC-BE278D34A0CB}
	EndGlobalSection
EndGlobal
