
Microsoft Visual Studio Solution File, Format Version 12.00
# Visual Studio Version 16
VisualStudioVersion = 16.0.31702.278
MinimumVisualStudioVersion = 10.0.40219.1
Project("{FAE04EC0-301F-11D3-BF4B-00C04F79EFBC}") = "DIPViolationApp", "DIPViolationApp\DIPViolationApp.csproj", "{6BE0CF77-3648-4D6A-A87B-9CE471ABB717}"
EndProject
Project("{FAE04EC0-301F-11D3-BF4B-00C04F79EFBC}") = "DIPSolutionApp", "DIPSolutionApp\DIPSolutionApp.csproj", "{BFB976AE-5285-4122-AA53-25F5EDF5B743}"
EndProject
Global
	GlobalSection(SolutionConfigurationPlatforms) = preSolution
		Debug|Any CPU = Debug|Any CPU
		Release|Any CPU = Release|Any CPU
	EndGlobalSection
	GlobalSection(ProjectConfigurationPlatforms) = postSolution
		{6BE0CF77-3648-4D6A-A87B-9CE471ABB717}.Debug|Any CPU.ActiveCfg = Debug|Any CPU
		{6BE0CF77-3648-4D6A-A87B-9CE471ABB717}.Debug|Any CPU.Build.0 = Debug|Any CPU
		{6BE0CF77-3648-4D6A-A87B-9CE471ABB717}.Release|Any CPU.ActiveCfg = Release|Any CPU
		{6BE0CF77-3648-4D6A-A87B-9CE471ABB717}.Release|Any CPU.Build.0 = Release|Any CPU
		{BFB976AE-5285-4122-AA53-25F5EDF5B743}.Debug|Any CPU.ActiveCfg = Debug|Any CPU
		{BFB976AE-5285-4122-AA53-25F5EDF5B743}.Debug|Any CPU.Build.0 = Debug|Any CPU
		{BFB976AE-5285-4122-AA53-25F5EDF5B743}.Release|Any CPU.ActiveCfg = Release|Any CPU
		{BFB976AE-5285-4122-AA53-25F5EDF5B743}.Release|Any CPU.Build.0 = Release|Any CPU
	EndGlobalSection
	GlobalSection(SolutionProperties) = preSolution
		HideSolutionNode = FALSE
	EndGlobalSection
	GlobalSection(ExtensibilityGlobals) = postSolution
		SolutionGuid = {E5EC8A17-CC15-4CC7-8836-4A4DAF7D49D2}
	EndGlobalSection
EndGlobal
