
Microsoft Visual Studio Solution File, Format Version 12.00
# Visual Studio Version 16
VisualStudioVersion = 16.0.31702.278
MinimumVisualStudioVersion = 10.0.40219.1
Project("{FAE04EC0-301F-11D3-BF4B-00C04F79EFBC}") = "TodoAppNew", "TodoAppNew\TodoAppNew.csproj", "{F8258C51-2BA0-4860-A1A9-CA66BF6BAC6A}"
EndProject
Global
	GlobalSection(SolutionConfigurationPlatforms) = preSolution
		Debug|Any CPU = Debug|Any CPU
		Release|Any CPU = Release|Any CPU
	EndGlobalSection
	GlobalSection(ProjectConfigurationPlatforms) = postSolution
		{F8258C51-2BA0-4860-A1A9-CA66BF6BAC6A}.Debug|Any CPU.ActiveCfg = Debug|Any CPU
		{F8258C51-2BA0-4860-A1A9-CA66BF6BAC6A}.Debug|Any CPU.Build.0 = Debug|Any CPU
		{F8258C51-2BA0-4860-A1A9-CA66BF6BAC6A}.Release|Any CPU.ActiveCfg = Release|Any CPU
		{F8258C51-2BA0-4860-A1A9-CA66BF6BAC6A}.Release|Any CPU.Build.0 = Release|Any CPU
	EndGlobalSection
	GlobalSection(SolutionProperties) = preSolution
		HideSolutionNode = FALSE
	EndGlobalSection
	GlobalSection(ExtensibilityGlobals) = postSolution
		SolutionGuid = {145BE10D-29F9-4706-AFD8-1F077044C2FB}
	EndGlobalSection
EndGlobal
