
Microsoft Visual Studio Solution File, Format Version 12.00
# Visual Studio Version 16
VisualStudioVersion = 16.0.31702.278
MinimumVisualStudioVersion = 10.0.40219.1
Project("{FAE04EC0-301F-11D3-BF4B-00C04F79EFBC}") = "FileData", "FileData\FileData.csproj", "{932E764D-0B6B-4144-B689-E09AB62686F1}"
EndProject
Global
	GlobalSection(SolutionConfigurationPlatforms) = preSolution
		Debug|Any CPU = Debug|Any CPU
		Release|Any CPU = Release|Any CPU
	EndGlobalSection
	GlobalSection(ProjectConfigurationPlatforms) = postSolution
		{932E764D-0B6B-4144-B689-E09AB62686F1}.Debug|Any CPU.ActiveCfg = Debug|Any CPU
		{932E764D-0B6B-4144-B689-E09AB62686F1}.Debug|Any CPU.Build.0 = Debug|Any CPU
		{932E764D-0B6B-4144-B689-E09AB62686F1}.Release|Any CPU.ActiveCfg = Release|Any CPU
		{932E764D-0B6B-4144-B689-E09AB62686F1}.Release|Any CPU.Build.0 = Release|Any CPU
	EndGlobalSection
	GlobalSection(SolutionProperties) = preSolution
		HideSolutionNode = FALSE
	EndGlobalSection
	GlobalSection(ExtensibilityGlobals) = postSolution
		SolutionGuid = {7212F24D-67E8-44CE-9384-3F3C0FBA31A8}
	EndGlobalSection
EndGlobal
