
Microsoft Visual Studio Solution File, Format Version 12.00
# Visual Studio Version 16
VisualStudioVersion = 16.0.31702.278
MinimumVisualStudioVersion = 10.0.40219.1
Project("{FAE04EC0-301F-11D3-BF4B-00C04F79EFBC}") = "AccountCustomExceptionApp", "AccountCustomExceptionApp\AccountCustomExceptionApp.csproj", "{BFDDC1AB-88D4-4DB2-9896-D89A723DA638}"
EndProject
Global
	GlobalSection(SolutionConfigurationPlatforms) = preSolution
		Debug|Any CPU = Debug|Any CPU
		Release|Any CPU = Release|Any CPU
	EndGlobalSection
	GlobalSection(ProjectConfigurationPlatforms) = postSolution
		{BFDDC1AB-88D4-4DB2-9896-D89A723DA638}.Debug|Any CPU.ActiveCfg = Debug|Any CPU
		{BFDDC1AB-88D4-4DB2-9896-D89A723DA638}.Debug|Any CPU.Build.0 = Debug|Any CPU
		{BFDDC1AB-88D4-4DB2-9896-D89A723DA638}.Release|Any CPU.ActiveCfg = Release|Any CPU
		{BFDDC1AB-88D4-4DB2-9896-D89A723DA638}.Release|Any CPU.Build.0 = Release|Any CPU
	EndGlobalSection
	GlobalSection(SolutionProperties) = preSolution
		HideSolutionNode = FALSE
	EndGlobalSection
	GlobalSection(ExtensibilityGlobals) = postSolution
		SolutionGuid = {BDD722DA-0F78-41E9-9CA3-6CFB6A1DFEBC}
	EndGlobalSection
EndGlobal
