
Microsoft Visual Studio Solution File, Format Version 12.00
# Visual Studio Version 16
VisualStudioVersion = 16.0.31613.86
MinimumVisualStudioVersion = 10.0.40219.1
Project("{FAE04EC0-301F-11D3-BF4B-00C04F79EFBC}") = "JukeBoxApp", "JukeBoxApp.csproj", "{35856ABC-D06C-40AF-9D68-04582651D805}"
EndProject
Global
	GlobalSection(SolutionConfigurationPlatforms) = preSolution
		Debug|Any CPU = Debug|Any CPU
		Release|Any CPU = Release|Any CPU
	EndGlobalSection
	GlobalSection(ProjectConfigurationPlatforms) = postSolution
		{35856ABC-D06C-40AF-9D68-04582651D805}.Debug|Any CPU.ActiveCfg = Debug|Any CPU
		{35856ABC-D06C-40AF-9D68-04582651D805}.Debug|Any CPU.Build.0 = Debug|Any CPU
		{35856ABC-D06C-40AF-9D68-04582651D805}.Release|Any CPU.ActiveCfg = Release|Any CPU
		{35856ABC-D06C-40AF-9D68-04582651D805}.Release|Any CPU.Build.0 = Release|Any CPU
	EndGlobalSection
	GlobalSection(SolutionProperties) = preSolution
		HideSolutionNode = FALSE
	EndGlobalSection
	GlobalSection(ExtensibilityGlobals) = postSolution
		SolutionGuid = {8DD1D7EA-0387-4191-A2CD-6AAEB90C4AE9}
	EndGlobalSection
EndGlobal
