
Microsoft Visual Studio Solution File, Format Version 12.00
# Visual Studio Version 16
VisualStudioVersion = 16.0.31702.278
MinimumVisualStudioVersion = 10.0.40219.1
Project("{FAE04EC0-301F-11D3-BF4B-00C04F79EFBC}") = "RectangleConstructorApp", "RectangleConstructorApp\RectangleConstructorApp.csproj", "{85C3DF19-08AA-4F7F-BA7A-53405F7F2F4D}"
EndProject
Global
	GlobalSection(SolutionConfigurationPlatforms) = preSolution
		Debug|Any CPU = Debug|Any CPU
		Release|Any CPU = Release|Any CPU
	EndGlobalSection
	GlobalSection(ProjectConfigurationPlatforms) = postSolution
		{85C3DF19-08AA-4F7F-BA7A-53405F7F2F4D}.Debug|Any CPU.ActiveCfg = Debug|Any CPU
		{85C3DF19-08AA-4F7F-BA7A-53405F7F2F4D}.Debug|Any CPU.Build.0 = Debug|Any CPU
		{85C3DF19-08AA-4F7F-BA7A-53405F7F2F4D}.Release|Any CPU.ActiveCfg = Release|Any CPU
		{85C3DF19-08AA-4F7F-BA7A-53405F7F2F4D}.Release|Any CPU.Build.0 = Release|Any CPU
	EndGlobalSection
	GlobalSection(SolutionProperties) = preSolution
		HideSolutionNode = FALSE
	EndGlobalSection
	GlobalSection(ExtensibilityGlobals) = postSolution
		SolutionGuid = {742EB137-7502-4642-A39D-244B90C3E12D}
	EndGlobalSection
EndGlobal
